
Microsoft Visual Studio Solution File, Format Version 12.00
# Visual Studio Version 17
VisualStudioVersion = 17.8.34330.188
MinimumVisualStudioVersion = 10.0.40219.1
Project("{FAE04EC0-301F-11D3-BF4B-00C04F79EFBC}") = "LabbProjektApi", "LabbProjektApi\LabbProjektApi.csproj", "{2FA94521-9961-4B8F-BAE0-02A7894372E2}"
EndProject
Global
	GlobalSection(SolutionConfigurationPlatforms) = preSolution
		Debug|Any CPU = Debug|Any CPU
		Release|Any CPU = Release|Any CPU
	EndGlobalSection
	GlobalSection(ProjectConfigurationPlatforms) = postSolution
		{2FA94521-9961-4B8F-BAE0-02A7894372E2}.Debug|Any CPU.ActiveCfg = Debug|Any CPU
		{2FA94521-9961-4B8F-BAE0-02A7894372E2}.Debug|Any CPU.Build.0 = Debug|Any CPU
		{2FA94521-9961-4B8F-BAE0-02A7894372E2}.Release|Any CPU.ActiveCfg = Release|Any CPU
		{2FA94521-9961-4B8F-BAE0-02A7894372E2}.Release|Any CPU.Build.0 = Release|Any CPU
	EndGlobalSection
	GlobalSection(SolutionProperties) = preSolution
		HideSolutionNode = FALSE
	EndGlobalSection
	GlobalSection(ExtensibilityGlobals) = postSolution
		SolutionGuid = {A8626116-51E4-415B-BF6C-03A276B1DCCD}
	EndGlobalSection
EndGlobal
